// !$*UTF8*$!
{
	archiveVersion = 1;
	classes = {
	};
	objectVersion = 50;
	objects = {

/* Begin PBXBuildFile section */
		9B895AC524C9E44F00309A00 /* AppDelegate.swift in Sources */ = {isa = PBXBuildFile; fileRef = 9B895AC424C9E44F00309A00 /* AppDelegate.swift */; };
		9B895AC724C9E44F00309A00 /* SceneDelegate.swift in Sources */ = {isa = PBXBuildFile; fileRef = 9B895AC624C9E44F00309A00 /* SceneDelegate.swift */; };
		9B895AC924C9E44F00309A00 /* ViewController.swift in Sources */ = {isa = PBXBuildFile; fileRef = 9B895AC824C9E44F00309A00 /* ViewController.swift */; };
		9B895ACC24C9E44F00309A00 /* Main.storyboard in Resources */ = {isa = PBXBuildFile; fileRef = 9B895ACA24C9E44F00309A00 /* Main.storyboard */; };
		9B895ACE24C9E45400309A00 /* Assets.xcassets in Resources */ = {isa = PBXBuildFile; fileRef = 9B895ACD24C9E45400309A00 /* Assets.xcassets */; };
		9B895AD124C9E45400309A00 /* LaunchScreen.storyboard in Resources */ = {isa = PBXBuildFile; fileRef = 9B895ACF24C9E45400309A00 /* LaunchScreen.storyboard */; };
		9B895ADC24C9E45400309A00 /* IntroToSeguesTests.swift in Sources */ = {isa = PBXBuildFile; fileRef = 9B895ADB24C9E45400309A00 /* IntroToSeguesTests.swift */; };
		9B895AE724C9E45400309A00 /* IntroToSeguesUITests.swift in Sources */ = {isa = PBXBuildFile; fileRef = 9B895AE624C9E45400309A00 /* IntroToSeguesUITests.swift */; };
/* End PBXBuildFile section */

/* Begin PBXContainerItemProxy section */
		9B895AD824C9E45400309A00 /* PBXContainerItemProxy */ = {
			isa = PBXContainerItemProxy;
			containerPortal = 9B895AB924C9E44F00309A00 /* Project object */;
			proxyType = 1;
			remoteGlobalIDString = 9B895AC024C9E44F00309A00;
			remoteInfo = IntroToSegues;
		};
		9B895AE324C9E45400309A00 /* PBXContainerItemProxy */ = {
			isa = PBXContainerItemProxy;
			containerPortal = 9B895AB924C9E44F00309A00 /* Project object */;
			proxyType = 1;
			remoteGlobalIDString = 9B895AC024C9E44F00309A00;
			remoteInfo = IntroToSegues;
		};
/* End PBXContainerItemProxy section */

/* Begin PBXFileReference section */
		9B895AC124C9E44F00309A00 /* IntroToSegues.app */ = {isa = PBXFileReference; explicitFileType = wrapper.application; includeInIndex = 0; path = IntroToSegues.app; sourceTree = BUILT_PRODUCTS_DIR; };
		9B895AC424C9E44F00309A00 /* AppDelegate.swift */ = {isa = PBXFileReference; lastKnownFileType = sourcecode.swift; path = AppDelegate.swift; sourceTree = "<group>"; };
		9B895AC624C9E44F00309A00 /* SceneDelegate.swift */ = {isa = PBXFileReference; lastKnownFileType = sourcecode.swift; path = SceneDelegate.swift; sourceTree = "<group>"; };
		9B895AC824C9E44F00309A00 /* ViewController.swift */ = {isa = PBXFileReference; lastKnownFileType = sourcecode.swift; path = ViewController.swift; sourceTree = "<group>"; };
		9B895ACB24C9E44F00309A00 /* Base */ = {isa = PBXFileReference; lastKnownFileType = file.storyboard; name = Base; path = Base.lproj/Main.storyboard; sourceTree = "<group>"; };
		9B895ACD24C9E45400309A00 /* Assets.xcassets */ = {isa = PBXFileReference; lastKnownFileType = folder.assetcatalog; path = Assets.xcassets; sourceTree = "<group>"; };
		9B895AD024C9E45400309A00 /* Base */ = {isa = PBXFileReference; lastKnownFileType = file.storyboard; name = Base; path = Base.lproj/LaunchScreen.storyboard; sourceTree = "<group>"; };
		9B895AD224C9E45400309A00 /* Info.plist */ = {isa = PBXFileReference; lastKnownFileType = text.plist.xml; path = Info.plist; sourceTree = "<group>"; };
		9B895AD724C9E45400309A00 /* IntroToSeguesTests.xctest */ = {isa = PBXFileReference; explicitFileType = wrapper.cfbundle; includeInIndex = 0; path = IntroToSeguesTests.xctest; sourceTree = BUILT_PRODUCTS_DIR; };
		9B895ADB24C9E45400309A00 /* IntroToSeguesTests.swift */ = {isa = PBXFileReference; lastKnownFileType = sourcecode.swift; path = IntroToSeguesTests.swift; sourceTree = "<group>"; };
		9B895ADD24C9E45400309A00 /* Info.plist */ = {isa = PBXFileReference; lastKnownFileType = text.plist.xml; path = Info.plist; sourceTree = "<group>"; };
		9B895AE224C9E45400309A00 /* IntroToSeguesUITests.xctest */ = {isa = PBXFileReference; explicitFileType = wrapper.cfbundle; includeInIndex = 0; path = IntroToSeguesUITests.xctest; sourceTree = BUILT_PRODUCTS_DIR; };
		9B895AE624C9E45400309A00 /* IntroToSeguesUITests.swift */ = {isa = PBXFileReference; lastKnownFileType = sourcecode.swift; path = IntroToSeguesUITests.swift; sourceTree = "<group>"; };
		9B895AE824C9E45400309A00 /* Info.plist */ = {isa = PBXFileReference; lastKnownFileType = text.plist.xml; path = Info.plist; sourceTree = "<group>"; };
/* End PBXFileReference section */

/* Begin PBXFrameworksBuildPhase section */
		9B895ABE24C9E44F00309A00 /* Frameworks */ = {
			isa = PBXFrameworksBuildPhase;
			buildActionMask = 2147483647;
			files = (
			);
			runOnlyForDeploymentPostprocessing = 0;
		};
		9B895AD424C9E45400309A00 /* Frameworks */ = {
			isa = PBXFrameworksBuildPhase;
			buildActionMask = 2147483647;
			files = (
			);
			runOnlyForDeploymentPostprocessing = 0;
		};
		9B895ADF24C9E45400309A00 /* Frameworks */ = {
			isa = PBXFrameworksBuildPhase;
			buildActionMask = 2147483647;
			files = (
			);
			runOnlyForDeploymentPostprocessing = 0;
		};
/* End PBXFrameworksBuildPhase section */

/* Begin PBXGroup section */
		9B895AB824C9E44F00309A00 = {
			isa = PBXGroup;
			children = (
				9B895AC324C9E44F00309A00 /* IntroToSegues */,
				9B895ADA24C9E45400309A00 /* IntroToSeguesTests */,
				9B895AE524C9E45400309A00 /* IntroToSeguesUITests */,
				9B895AC224C9E44F00309A00 /* Products */,
			);
			sourceTree = "<group>";
		};
		9B895AC224C9E44F00309A00 /* Products */ = {
			isa = PBXGroup;
			children = (
				9B895AC124C9E44F00309A00 /* IntroToSegues.app */,
				9B895AD724C9E45400309A00 /* IntroToSeguesTests.xctest */,
				9B895AE224C9E45400309A00 /* IntroToSeguesUITests.xctest */,
			);
			name = Products;
			sourceTree = "<group>";
		};
		9B895AC324C9E44F00309A00 /* IntroToSegues */ = {
			isa = PBXGroup;
			children = (
				9B895AC424C9E44F00309A00 /* AppDelegate.swift */,
				9B895AC624C9E44F00309A00 /* SceneDelegate.swift */,
				9B895AC824C9E44F00309A00 /* ViewController.swift */,
				9B895ACA24C9E44F00309A00 /* Main.storyboard */,
				9B895ACD24C9E45400309A00 /* Assets.xcassets */,
				9B895ACF24C9E45400309A00 /* LaunchScreen.storyboard */,
				9B895AD224C9E45400309A00 /* Info.plist */,
			);
			path = IntroToSegues;
			sourceTree = "<group>";
		};
		9B895ADA24C9E45400309A00 /* IntroToSeguesTests */ = {
			isa = PBXGroup;
			children = (
				9B895ADB24C9E45400309A00 /* IntroToSeguesTests.swift */,
				9B895ADD24C9E45400309A00 /* Info.plist */,
			);
			path = IntroToSeguesTests;
			sourceTree = "<group>";
		};
		9B895AE524C9E45400309A00 /* IntroToSeguesUITests */ = {
			isa = PBXGroup;
			children = (
				9B895AE624C9E45400309A00 /* IntroToSeguesUITests.swift */,
				9B895AE824C9E45400309A00 /* Info.plist */,
			);
			path = IntroToSeguesUITests;
			sourceTree = "<group>";
		};
/* End PBXGroup section */

/* Begin PBXNativeTarget section */
		9B895AC024C9E44F00309A00 /* IntroToSegues */ = {
			isa = PBXNativeTarget;
			buildConfigurationList = 9B895AEB24C9E45400309A00 /* Build configuration list for PBXNativeTarget "IntroToSegues" */;
			buildPhases = (
				9B895ABD24C9E44F00309A00 /* Sources */,
				9B895ABE24C9E44F00309A00 /* Frameworks */,
				9B895ABF24C9E44F00309A00 /* Resources */,
			);
			buildRules = (
			);
			dependencies = (
			);
			name = IntroToSegues;
			productName = IntroToSegues;
			productReference = 9B895AC124C9E44F00309A00 /* IntroToSegues.app */;
			productType = "com.apple.product-type.application";
		};
		9B895AD624C9E45400309A00 /* IntroToSeguesTests */ = {
			isa = PBXNativeTarget;
			buildConfigurationList = 9B895AEE24C9E45400309A00 /* Build configuration list for PBXNativeTarget "IntroToSeguesTests" */;
			buildPhases = (
				9B895AD324C9E45400309A00 /* Sources */,
				9B895AD424C9E45400309A00 /* Frameworks */,
				9B895AD524C9E45400309A00 /* Resources */,
			);
			buildRules = (
			);
			dependencies = (
				9B895AD924C9E45400309A00 /* PBXTargetDependency */,
			);
			name = IntroToSeguesTests;
			productName = IntroToSeguesTests;
			productReference = 9B895AD724C9E45400309A00 /* IntroToSeguesTests.xctest */;
			productType = "com.apple.product-type.bundle.unit-test";
		};
		9B895AE124C9E45400309A00 /* IntroToSeguesUITests */ = {
			isa = PBXNativeTarget;
			buildConfigurationList = 9B895AF124C9E45400309A00 /* Build configuration list for PBXNativeTarget "IntroToSeguesUITests" */;
			buildPhases = (
				9B895ADE24C9E45400309A00 /* Sources */,
				9B895ADF24C9E45400309A00 /* Frameworks */,
				9B895AE024C9E45400309A00 /* Resources */,
			);
			buildRules = (
			);
			dependencies = (
				9B895AE424C9E45400309A00 /* PBXTargetDependency */,
			);
			name = IntroToSeguesUITests;
			productName = IntroToSeguesUITests;
			productReference = 9B895AE224C9E45400309A00 /* IntroToSeguesUITests.xctest */;
			productType = "com.apple.product-type.bundle.ui-testing";
		};
/* End PBXNativeTarget section */

/* Begin PBXProject section */
		9B895AB924C9E44F00309A00 /* Project object */ = {
			isa = PBXProject;
			attributes = {
				LastSwiftUpdateCheck = 1150;
				LastUpgradeCheck = 1150;
				ORGANIZATIONNAME = KWK;
				TargetAttributes = {
					9B895AC024C9E44F00309A00 = {
						CreatedOnToolsVersion = 11.5;
					};
					9B895AD624C9E45400309A00 = {
						CreatedOnToolsVersion = 11.5;
						TestTargetID = 9B895AC024C9E44F00309A00;
					};
					9B895AE124C9E45400309A00 = {
						CreatedOnToolsVersion = 11.5;
						TestTargetID = 9B895AC024C9E44F00309A00;
					};
				};
			};
			buildConfigurationList = 9B895ABC24C9E44F00309A00 /* Build configuration list for PBXProject "IntroToSegues" */;
			compatibilityVersion = "Xcode 9.3";
			developmentRegion = en;
			hasScannedForEncodings = 0;
			knownRegions = (
				en,
				Base,
			);
			mainGroup = 9B895AB824C9E44F00309A00;
			productRefGroup = 9B895AC224C9E44F00309A00 /* Products */;
			projectDirPath = "";
			projectRoot = "";
			targets = (
				9B895AC024C9E44F00309A00 /* IntroToSegues */,
				9B895AD624C9E45400309A00 /* IntroToSeguesTests */,
				9B895AE124C9E45400309A00 /* IntroToSeguesUITests */,
			);
		};
/* End PBXProject section */

/* Begin PBXResourcesBuildPhase section */
		9B895ABF24C9E44F00309A00 /* Resources */ = {
			isa = PBXResourcesBuildPhase;
			buildActionMask = 2147483647;
			files = (
				9B895AD124C9E45400309A00 /* LaunchScreen.storyboard in Resources */,
				9B895ACE24C9E45400309A00 /* Assets.xcassets in Resources */,
				9B895ACC24C9E44F00309A00 /* Main.storyboard in Resources */,
			);
			runOnlyForDeploymentPostprocessing = 0;
		};
		9B895AD524C9E45400309A00 /* Resources */ = {
			isa = PBXResourcesBuildPhase;
			buildActionMask = 2147483647;
			files = (
			);
			runOnlyForDeploymentPostprocessing = 0;
		};
		9B895AE024C9E45400309A00 /* Resources */ = {
			isa = PBXResourcesBuildPhase;
			buildActionMask = 2147483647;
			files = (
			);
			runOnlyForDeploymentPostprocessing = 0;
		};
/* End PBXResourcesBuildPhase section */

/* Begin PBXSourcesBuildPhase section */
		9B895ABD24C9E44F00309A00 /* Sources */ = {
			isa = PBXSourcesBuildPhase;
			buildActionMask = 2147483647;
			files = (
				9B895AC924C9E44F00309A00 /* ViewController.swift in Sources */,
				9B895AC524C9E44F00309A00 /* AppDelegate.swift in Sources */,
				9B895AC724C9E44F00309A00 /* SceneDelegate.swift in Sources */,
			);
			runOnlyForDeploymentPostprocessing = 0;
		};
		9B895AD324C9E45400309A00 /* Sources */ = {
			isa = PBXSourcesBuildPhase;
			buildActionMask = 2147483647;
			files = (
				9B895ADC24C9E45400309A00 /* IntroToSeguesTests.swift in Sources */,
			);
			runOnlyForDeploymentPostprocessing = 0;
		};
		9B895ADE24C9E45400309A00 /* Sources */ = {
			isa = PBXSourcesBuildPhase;
			buildActionMask = 2147483647;
			files = (
				9B895AE724C9E45400309A00 /* IntroToSeguesUITests.swift in Sources */,
			);
			runOnlyForDeploymentPostprocessing = 0;
		};
/* End PBXSourcesBuildPhase section */

/* Begin PBXTargetDependency section */
		9B895AD924C9E45400309A00 /* PBXTargetDependency */ = {
			isa = PBXTargetDependency;
			target = 9B895AC024C9E44F00309A00 /* IntroToSegues */;
			targetProxy = 9B895AD824C9E45400309A00 /* PBXContainerItemProxy */;
		};
		9B895AE424C9E45400309A00 /* PBXTargetDependency */ = {
			isa = PBXTargetDependency;
			target = 9B895AC024C9E44F00309A00 /* IntroToSegues */;
			targetProxy = 9B895AE324C9E45400309A00 /* PBXContainerItemProxy */;
		};
/* End PBXTargetDependency section */

/* Begin PBXVariantGroup section */
		9B895ACA24C9E44F00309A00 /* Main.storyboard */ = {
			isa = PBXVariantGroup;
			children = (
				9B895ACB24C9E44F00309A00 /* Base */,
			);
			name = Main.storyboard;
			sourceTree = "<group>";
		};
		9B895ACF24C9E45400309A00 /* LaunchScreen.storyboard */ = {
			isa = PBXVariantGroup;
			children = (
				9B895AD024C9E45400309A00 /* Base */,
			);
			name = LaunchScreen.storyboard;
			sourceTree = "<group>";
		};
/* End PBXVariantGroup section */

/* Begin XCBuildConfiguration section */
		9B895AE924C9E45400309A00 /* Debug */ = {
			isa = XCBuildConfiguration;
			buildSettings = {
				ALWAYS_SEARCH_USER_PATHS = NO;
				CLANG_ANALYZER_NONNULL = YES;
				CLANG_ANALYZER_NUMBER_OBJECT_CONVERSION = YES_AGGRESSIVE;
				CLANG_CXX_LANGUAGE_STANDARD = "gnu++14";
				CLANG_CXX_LIBRARY = "libc++";
				CLANG_ENABLE_MODULES = YES;
				CLANG_ENABLE_OBJC_ARC = YES;
				CLANG_ENABLE_OBJC_WEAK = YES;
				CLANG_WARN_BLOCK_CAPTURE_AUTORELEASING = YES;
				CLANG_WARN_BOOL_CONVERSION = YES;
				CLANG_WARN_COMMA = YES;
				CLANG_WARN_CONSTANT_CONVERSION = YES;
				CLANG_WARN_DEPRECATED_OBJC_IMPLEMENTATIONS = YES;
				CLANG_WARN_DIRECT_OBJC_ISA_USAGE = YES_ERROR;
				CLANG_WARN_DOCUMENTATION_COMMENTS = YES;
				CLANG_WARN_EMPTY_BODY = YES;
				CLANG_WARN_ENUM_CONVERSION = YES;
				CLANG_WARN_INFINITE_RECURSION = YES;
				CLANG_WARN_INT_CONVERSION = YES;
				CLANG_WARN_NON_LITERAL_NULL_CONVERSION = YES;
				CLANG_WARN_OBJC_IMPLICIT_RETAIN_SELF = YES;
				CLANG_WARN_OBJC_LITERAL_CONVERSION = YES;
				CLANG_WARN_OBJC_ROOT_CLASS = YES_ERROR;
				CLANG_WARN_RANGE_LOOP_ANALYSIS = YES;
				CLANG_WARN_STRICT_PROTOTYPES = YES;
				CLANG_WARN_SUSPICIOUS_MOVE = YES;
				CLANG_WARN_UNGUARDED_AVAILABILITY = YES_AGGRESSIVE;
				CLANG_WARN_UNREACHABLE_CODE = YES;
				CLANG_WARN__DUPLICATE_METHOD_MATCH = YES;
				COPY_PHASE_STRIP = NO;
				DEBUG_INFORMATION_FORMAT = dwarf;
				ENABLE_STRICT_OBJC_MSGSEND = YES;
				ENABLE_TESTABILITY = YES;
				GCC_C_LANGUAGE_STANDARD = gnu11;
				GCC_DYNAMIC_NO_PIC = NO;
				GCC_NO_COMMON_BLOCKS = YES;
				GCC_OPTIMIZATION_LEVEL = 0;
				GCC_PREPROCESSOR_DEFINITIONS = (
					"DEBUG=1",
					"$(inherited)",
				);
				GCC_WARN_64_TO_32_BIT_CONVERSION = YES;
				GCC_WARN_ABOUT_RETURN_TYPE = YES_ERROR;
				GCC_WARN_UNDECLARED_SELECTOR = YES;
				GCC_WARN_UNINITIALIZED_AUTOS = YES_AGGRESSIVE;
				GCC_WARN_UNUSED_FUNCTION = YES;
				GCC_WARN_UNUSED_VARIABLE = YES;
				IPHONEOS_DEPLOYMENT_TARGET = 13.5;
				MTL_ENABLE_DEBUG_INFO = INCLUDE_SOURCE;
				MTL_FAST_MATH = YES;
				ONLY_ACTIVE_ARCH = YES;
				SDKROOT = iphoneos;
				SWIFT_ACTIVE_COMPILATION_CONDITIONS = DEBUG;
				SWIFT_OPTIMIZATION_LEVEL = "-Onone";
			};
			name = Debug;
		};
		9B895AEA24C9E45400309A00 /* Release */ = {
			isa = XCBuildConfiguration;
			buildSettings = {
				ALWAYS_SEARCH_USER_PATHS = NO;
				CLANG_ANALYZER_NONNULL = YES;
				CLANG_ANALYZER_NUMBER_OBJECT_CONVERSION = YES_AGGRESSIVE;
				CLANG_CXX_LANGUAGE_STANDARD = "gnu++14";
				CLANG_CXX_LIBRARY = "libc++";
				CLANG_ENABLE_MODULES = YES;
				CLANG_ENABLE_OBJC_ARC = YES;
				CLANG_ENABLE_OBJC_WEAK = YES;
				CLANG_WARN_BLOCK_CAPTURE_AUTORELEASING = YES;
				CLANG_WARN_BOOL_CONVERSION = YES;
				CLANG_WARN_COMMA = YES;
				CLANG_WARN_CONSTANT_CONVERSION = YES;
				CLANG_WARN_DEPRECATED_OBJC_IMPLEMENTATIONS = YES;
				CLANG_WARN_DIRECT_OBJC_ISA_USAGE = YES_ERROR;
				CLANG_WARN_DOCUMENTATION_COMMENTS = YES;
				CLANG_WARN_EMPTY_BODY = YES;
				CLANG_WARN_ENUM_CONVERSION = YES;
				CLANG_WARN_INFINITE_RECURSION = YES;
				CLANG_WARN_INT_CONVERSION = YES;
				CLANG_WARN_NON_LITERAL_NULL_CONVERSION = YES;
				CLANG_WARN_OBJC_IMPLICIT_RETAIN_SELF = YES;
				CLANG_WARN_OBJC_LITERAL_CONVERSION = YES;
				CLANG_WARN_OBJC_ROOT_CLASS = YES_ERROR;
				CLANG_WARN_RANGE_LOOP_ANALYSIS = YES;
				CLANG_WARN_STRICT_PROTOTYPES = YES;
				CLANG_WARN_SUSPICIOUS_MOVE = YES;
				CLANG_WARN_UNGUARDED_AVAILABILITY = YES_AGGRESSIVE;
				CLANG_WARN_UNREACHABLE_CODE = YES;
				CLANG_WARN__DUPLICATE_METHOD_MATCH = YES;
				COPY_PHASE_STRIP = NO;
				DEBUG_INFORMATION_FORMAT = "dwarf-with-dsym";
				ENABLE_NS_ASSERTIONS = NO;
				ENABLE_STRICT_OBJC_MSGSEND = YES;
				GCC_C_LANGUAGE_STANDARD = gnu11;
				GCC_NO_COMMON_BLOCKS = YES;
				GCC_WARN_64_TO_32_BIT_CONVERSION = YES;
				GCC_WARN_ABOUT_RETURN_TYPE = YES_ERROR;
				GCC_WARN_UNDECLARED_SELECTOR = YES;
				GCC_WARN_UNINITIALIZED_AUTOS = YES_AGGRESSIVE;
				GCC_WARN_UNUSED_FUNCTION = YES;
				GCC_WARN_UNUSED_VARIABLE = YES;
				IPHONEOS_DEPLOYMENT_TARGET = 13.5;
				MTL_ENABLE_DEBUG_INFO = NO;
				MTL_FAST_MATH = YES;
				SDKROOT = iphoneos;
				SWIFT_COMPILATION_MODE = wholemodule;
				SWIFT_OPTIMIZATION_LEVEL = "-O";
				VALIDATE_PRODUCT = YES;
			};
			name = Release;
		};
		9B895AEC24C9E45400309A00 /* Debug */ = {
			isa = XCBuildConfiguration;
			buildSettings = {
				ASSETCATALOG_COMPILER_APPICON_NAME = AppIcon;
				CODE_SIGN_STYLE = Automatic;
				INFOPLIST_FILE = IntroToSegues/Info.plist;
				LD_RUNPATH_SEARCH_PATHS = (
					"$(inherited)",
					"@executable_path/Frameworks",
				);
				PRODUCT_BUNDLE_IDENTIFIER = "Jynelle-Graciela-Boac.IntroToSegues";
				PRODUCT_NAME = "$(TARGET_NAME)";
				SWIFT_VERSION = 5.0;
				TARGETED_DEVICE_FAMILY = "1,2";
			};
			name = Debug;
		};
		9B895AED24C9E45400309A00 /* Release */ = {
			isa = XCBuildConfiguration;
			buildSettings = {
				ASSETCATALOG_COMPILER_APPICON_NAME = AppIcon;
				CODE_SIGN_STYLE = Automatic;
				INFOPLIST_FILE = IntroToSegues/Info.plist;
				LD_RUNPATH_SEARCH_PATHS = (
					"$(inherited)",
					"@executable_path/Frameworks",
				);
				PRODUCT_BUNDLE_IDENTIFIER = "Jynelle-Graciela-Boac.IntroToSegues";
				PRODUCT_NAME = "$(TARGET_NAME)";
				SWIFT_VERSION = 5.0;
				TARGETED_DEVICE_FAMILY = "1,2";
			};
			name = Release;
		};
		9B895AEF24C9E45400309A00 /* Debug */ = {
			isa = XCBuildConfiguration;
			buildSettings = {
				ALWAYS_EMBED_SWIFT_STANDARD_LIBRARIES = YES;
				BUNDLE_LOADER = "$(TEST_HOST)";
				CODE_SIGN_STYLE = Automatic;
				INFOPLIST_FILE = IntroToSeguesTests/Info.plist;
				IPHONEOS_DEPLOYMENT_TARGET = 13.5;
				LD_RUNPATH_SEARCH_PATHS = (
					"$(inherited)",
					"@executable_path/Frameworks",
					"@loader_path/Frameworks",
				);
				PRODUCT_BUNDLE_IDENTIFIER = "Jynelle-Graciela-Boac.IntroToSeguesTests";
				PRODUCT_NAME = "$(TARGET_NAME)";
				SWIFT_VERSION = 5.0;
				TARGETED_DEVICE_FAMILY = "1,2";
				TEST_HOST = "$(BUILT_PRODUCTS_DIR)/IntroToSegues.app/IntroToSegues";
			};
			name = Debug;
		};
		9B895AF024C9E45400309A00 /* Release */ = {
			isa = XCBuildConfiguration;
			buildSettings = {
				ALWAYS_EMBED_SWIFT_STANDARD_LIBRARIES = YES;
				BUNDLE_LOADER = "$(TEST_HOST)";
				CODE_SIGN_STYLE = Automatic;
				INFOPLIST_FILE = IntroToSeguesTests/Info.plist;
				IPHONEOS_DEPLOYMENT_TARGET = 13.5;
				LD_RUNPATH_SEARCH_PATHS = (
					"$(inherited)",
					"@executable_path/Frameworks",
					"@loader_path/Frameworks",
				);
				PRODUCT_BUNDLE_IDENTIFIER = "Jynelle-Graciela-Boac.IntroToSeguesTests";
				PRODUCT_NAME = "$(TARGET_NAME)";
				SWIFT_VERSION = 5.0;
				TARGETED_DEVICE_FAMILY = "1,2";
				TEST_HOST = "$(BUILT_PRODUCTS_DIR)/IntroToSegues.app/IntroToSegues";
			};
			name = Release;
		};
		9B895AF224C9E45400309A00 /* Debug */ = {
			isa = XCBuildConfiguration;
			buildSettings = {
				ALWAYS_EMBED_SWIFT_STANDARD_LIBRARIES = YES;
				CODE_SIGN_STYLE = Automatic;
				INFOPLIST_FILE = IntroToSeguesUITests/Info.plist;
				LD_RUNPATH_SEARCH_PATHS = (
					"$(inherited)",
					"@executable_path/Frameworks",
					"@loader_path/Frameworks",
				);
				PRODUCT_BUNDLE_IDENTIFIER = "Jynelle-Graciela-Boac.IntroToSeguesUITests";
				PRODUCT_NAME = "$(TARGET_NAME)";
				SWIFT_VERSION = 5.0;
				TARGETED_DEVICE_FAMILY = "1,2";
				TEST_TARGET_NAME = IntroToSegues;
			};
			name = Debug;
		};
		9B895AF324C9E45400309A00 /* Release */ = {
			isa = XCBuildConfiguration;
			buildSettings = {
				ALWAYS_EMBED_SWIFT_STANDARD_LIBRARIES = YES;
				CODE_SIGN_STYLE = Automatic;
				INFOPLIST_FILE = IntroToSeguesUITests/Info.plist;
				LD_RUNPATH_SEARCH_PATHS = (
					"$(inherited)",
					"@executable_path/Frameworks",
					"@loader_path/Frameworks",
				);
				PRODUCT_BUNDLE_IDENTIFIER = "Jynelle-Graciela-Boac.IntroToSeguesUITests";
				PRODUCT_NAME = "$(TARGET_NAME)";
				SWIFT_VERSION = 5.0;
				TARGETED_DEVICE_FAMILY = "1,2";
				TEST_TARGET_NAME = IntroToSegues;
			};
			name = Release;
		};
/* End XCBuildConfiguration section */

/* Begin XCConfigurationList section */
		9B895ABC24C9E44F00309A00 /* Build configuration list for PBXProject "IntroToSegues" */ = {
			isa = XCConfigurationList;
			buildConfigurations = (
				9B895AE924C9E45400309A00 /* Debug */,
				9B895AEA24C9E45400309A00 /* Release */,
			);
			defaultConfigurationIsVisible = 0;
			defaultConfigurationName = Release;
		};
		9B895AEB24C9E45400309A00 /* Build configuration list for PBXNativeTarget "IntroToSegues" */ = {
			isa = XCConfigurationList;
			buildConfigurations = (
				9B895AEC24C9E45400309A00 /* Debug */,
				9B895AED24C9E45400309A00 /* Release */,
			);
			defaultConfigurationIsVisible = 0;
			defaultConfigurationName = Release;
		};
		9B895AEE24C9E45400309A00 /* Build configuration list for PBXNativeTarget "IntroToSeguesTests" */ = {
			isa = XCConfigurationList;
			buildConfigurations = (
				9B895AEF24C9E45400309A00 /* Debug */,
				9B895AF024C9E45400309A00 /* Release */,
			);
			defaultConfigurationIsVisible = 0;
			defaultConfigurationName = Release;
		};
		9B895AF124C9E45400309A00 /* Build configuration list for PBXNativeTarget "IntroToSeguesUITests" */ = {
			isa = XCConfigurationList;
			buildConfigurations = (
				9B895AF224C9E45400309A00 /* Debug */,
				9B895AF324C9E45400309A00 /* Release */,
			);
			defaultConfigurationIsVisible = 0;
			defaultConfigurationName = Release;
		};
/* End XCConfigurationList section */
	};
	rootObject = 9B895AB924C9E44F00309A00 /* Project object */;
}
